
Microsoft Visual Studio Solution File, Format Version 12.00
# Visual Studio Version 16
VisualStudioVersion = 16.0.30611.23
MinimumVisualStudioVersion = 10.0.40219.1
Project("{888888A0-9F3D-457C-B088-3A5042F75D52}") = "debugger", "debugger\debugger.pyproj", "{EA10972F-A1E4-40FD-BE9B-C447E163EE96}"
EndProject
Global
	GlobalSection(SolutionConfigurationPlatforms) = preSolution
		Debug|Any CPU = Debug|Any CPU
		Release|Any CPU = Release|Any CPU
	EndGlobalSection
	GlobalSection(ProjectConfigurationPlatforms) = postSolution
		{EA10972F-A1E4-40FD-BE9B-C447E163EE96}.Debug|Any CPU.ActiveCfg = Debug|Any CPU
		{EA10972F-A1E4-40FD-BE9B-C447E163EE96}.Release|Any CPU.ActiveCfg = Release|Any CPU
	EndGlobalSection
	GlobalSection(SolutionProperties) = preSolution
		HideSolutionNode = FALSE
	EndGlobalSection
	GlobalSection(ExtensibilityGlobals) = postSolution
		SolutionGuid = {03288248-8235-408B-A596-719B195B3CE4}
	EndGlobalSection
EndGlobal
